
Microsoft Visual Studio Solution File, Format Version 12.00
# Visual Studio Version 17
VisualStudioVersion = 17.14.36109.1 d17.14
MinimumVisualStudioVersion = 10.0.40219.1
Project("{FAE04EC0-301F-11D3-BF4B-00C04F79EFBC}") = "Colecciones.Consola", "Colecciones.Consola\Colecciones.Consola.csproj", "{994F9B48-2C8C-4892-9BEC-203BD0B5AF7F}"
EndProject
Project("{2150E333-8FDC-42A3-9474-1A3956D46DE8}") = "List", "List", "{02EA681E-C7D8-13C7-8484-4AC65E1B71E8}"
EndProject
Project("{FAE04EC0-301F-11D3-BF4B-00C04F79EFBC}") = "List.Consola", "List.Consola\List.Consola.csproj", "{D9C3929F-7944-4F88-AC33-176F66E45EE4}"
EndProject
Global
	GlobalSection(SolutionConfigurationPlatforms) = preSolution
		Debug|Any CPU = Debug|Any CPU
		Release|Any CPU = Release|Any CPU
	EndGlobalSection
	GlobalSection(ProjectConfigurationPlatforms) = postSolution
		{994F9B48-2C8C-4892-9BEC-203BD0B5AF7F}.Debug|Any CPU.ActiveCfg = Debug|Any CPU
		{994F9B48-2C8C-4892-9BEC-203BD0B5AF7F}.Debug|Any CPU.Build.0 = Debug|Any CPU
		{994F9B48-2C8C-4892-9BEC-203BD0B5AF7F}.Release|Any CPU.ActiveCfg = Release|Any CPU
		{994F9B48-2C8C-4892-9BEC-203BD0B5AF7F}.Release|Any CPU.Build.0 = Release|Any CPU
		{D9C3929F-7944-4F88-AC33-176F66E45EE4}.Debug|Any CPU.ActiveCfg = Debug|Any CPU
		{D9C3929F-7944-4F88-AC33-176F66E45EE4}.Debug|Any CPU.Build.0 = Debug|Any CPU
		{D9C3929F-7944-4F88-AC33-176F66E45EE4}.Release|Any CPU.ActiveCfg = Release|Any CPU
		{D9C3929F-7944-4F88-AC33-176F66E45EE4}.Release|Any CPU.Build.0 = Release|Any CPU
	EndGlobalSection
	GlobalSection(SolutionProperties) = preSolution
		HideSolutionNode = FALSE
	EndGlobalSection
	GlobalSection(NestedProjects) = preSolution
		{D9C3929F-7944-4F88-AC33-176F66E45EE4} = {02EA681E-C7D8-13C7-8484-4AC65E1B71E8}
	EndGlobalSection
	GlobalSection(ExtensibilityGlobals) = postSolution
		SolutionGuid = {1B3FDF34-DEF5-40B4-B682-C8D814C435D2}
	EndGlobalSection
EndGlobal
